<Solution>
  <Configurations>
    <BuildType Name="Default" />
    <Platform Name="Default" />
  </Configurations>
  <Project Path="Banco y Préstamos/Banco y Préstamos.ssmssqlproj" Type="4f2e2c19-372f-40d8-9fa7-9d2138c6997a">
    <Platform Project="?" />
    <Build Project="false" />
  </Project>
  <Project Path="Hospital y Pacientes/Hospital y Pacientes.ssmssqlproj" Type="4f2e2c19-372f-40d8-9fa7-9d2138c6997a">
    <Platform Project="?" />
    <Build Project="false" />
  </Project>
  <Project Path="Hotel y Reservaciones/Hotel y Reservaciones.ssmssqlproj" Type="4f2e2c19-372f-40d8-9fa7-9d2138c6997a">
    <Platform Project="?" />
    <Build Project="false" />
  </Project>
  <Project Path="Sistema Universitario/Sistema Universitario.ssmssqlproj" Type="4f2e2c19-372f-40d8-9fa7-9d2138c6997a">
    <Platform Project="?" />
    <Build Project="false" />
  </Project>
  <Project Path="Tienda de Tecnología/Tienda de Tecnología.ssmssqlproj" Type="4f2e2c19-372f-40d8-9fa7-9d2138c6997a">
    <Platform Project="?" />
    <Build Project="false" />
  </Project>
</Solution>
